
Microsoft Visual Studio Solution File, Format Version 12.00
# Visual Studio Version 17
VisualStudioVersion = 17.6.33712.159
MinimumVisualStudioVersion = 10.0.40219.1
Project("{9A19103F-16F7-4668-BE54-9A1E7A4F7556}") = "course_project_OS", "course_project_OS\course_project_OS.csproj", "{F6C1F568-8D42-4845-9B8E-7890438563C1}"
EndProject
Project("{FAE04EC0-301F-11D3-BF4B-00C04F79EFBC}") = "Agent", "Agent\Agent.csproj", "{BD14625F-205F-4633-A8AB-ECE2B4939557}"
EndProject
Global
	GlobalSection(SolutionConfigurationPlatforms) = preSolution
		Debug|Any CPU = Debug|Any CPU
		Release|Any CPU = Release|Any CPU
	EndGlobalSection
	GlobalSection(ProjectConfigurationPlatforms) = postSolution
		{F6C1F568-8D42-4845-9B8E-7890438563C1}.Debug|Any CPU.ActiveCfg = Debug|Any CPU
		{F6C1F568-8D42-4845-9B8E-7890438563C1}.Debug|Any CPU.Build.0 = Debug|Any CPU
		{F6C1F568-8D42-4845-9B8E-7890438563C1}.Release|Any CPU.ActiveCfg = Release|Any CPU
		{F6C1F568-8D42-4845-9B8E-7890438563C1}.Release|Any CPU.Build.0 = Release|Any CPU
		{BD14625F-205F-4633-A8AB-ECE2B4939557}.Debug|Any CPU.ActiveCfg = Debug|Any CPU
		{BD14625F-205F-4633-A8AB-ECE2B4939557}.Debug|Any CPU.Build.0 = Debug|Any CPU
		{BD14625F-205F-4633-A8AB-ECE2B4939557}.Release|Any CPU.ActiveCfg = Release|Any CPU
		{BD14625F-205F-4633-A8AB-ECE2B4939557}.Release|Any CPU.Build.0 = Release|Any CPU
	EndGlobalSection
	GlobalSection(SolutionProperties) = preSolution
		HideSolutionNode = FALSE
	EndGlobalSection
	GlobalSection(ExtensibilityGlobals) = postSolution
		SolutionGuid = {66AE188D-1E2D-411B-B2BC-B1BBB8B342B2}
	EndGlobalSection
EndGlobal
